
Microsoft Visual Studio Solution File, Format Version 12.00
# Visual Studio Version 16
VisualStudioVersion = 16.0.29409.12
MinimumVisualStudioVersion = 10.0.40219.1
Project("{9A19103F-16F7-4668-BE54-9A1E7A4F7556}") = "ImdCloud", "ImdCloud\ImdCloud.csproj", "{2184BE47-AE27-4E2D-B522-44FE653FC2F0}"
EndProject
Project("{9A19103F-16F7-4668-BE54-9A1E7A4F7556}") = "ImdCloud.Test", "ImdCloud.Test\ImdCloud.Test.csproj", "{782156EA-96F1-4D5A-9702-CDD730F20D35}"
EndProject
Project("{9A19103F-16F7-4668-BE54-9A1E7A4F7556}") = "App", "App\App.csproj", "{C8B41E61-6355-42AE-B153-27113D4375B3}"
EndProject
Project("{9A19103F-16F7-4668-BE54-9A1E7A4F7556}") = "VASTDemoEvents.Api", "VASTDemoEvents.Api\VASTDemoEvents.Api.csproj", "{C38BD67A-E1FA-4966-AC43-29A6E0E5994A}"
EndProject
Project("{9A19103F-16F7-4668-BE54-9A1E7A4F7556}") = "VASTDemoEvents.Api.Tests", "VASTDemoEvents.Api.Tests\VASTDemoEvents.Api.Tests.csproj", "{0B13EA49-2609-459A-989B-2397EE85DC17}"
EndProject
Global
	GlobalSection(SolutionConfigurationPlatforms) = preSolution
		Debug|Any CPU = Debug|Any CPU
		Release|Any CPU = Release|Any CPU
	EndGlobalSection
	GlobalSection(ProjectConfigurationPlatforms) = postSolution
		{2184BE47-AE27-4E2D-B522-44FE653FC2F0}.Debug|Any CPU.ActiveCfg = Debug|Any CPU
		{2184BE47-AE27-4E2D-B522-44FE653FC2F0}.Debug|Any CPU.Build.0 = Debug|Any CPU
		{2184BE47-AE27-4E2D-B522-44FE653FC2F0}.Release|Any CPU.ActiveCfg = Release|Any CPU
		{2184BE47-AE27-4E2D-B522-44FE653FC2F0}.Release|Any CPU.Build.0 = Release|Any CPU
		{782156EA-96F1-4D5A-9702-CDD730F20D35}.Debug|Any CPU.ActiveCfg = Debug|Any CPU
		{782156EA-96F1-4D5A-9702-CDD730F20D35}.Debug|Any CPU.Build.0 = Debug|Any CPU
		{782156EA-96F1-4D5A-9702-CDD730F20D35}.Release|Any CPU.ActiveCfg = Release|Any CPU
		{782156EA-96F1-4D5A-9702-CDD730F20D35}.Release|Any CPU.Build.0 = Release|Any CPU
		{C8B41E61-6355-42AE-B153-27113D4375B3}.Debug|Any CPU.ActiveCfg = Debug|Any CPU
		{C8B41E61-6355-42AE-B153-27113D4375B3}.Debug|Any CPU.Build.0 = Debug|Any CPU
		{C8B41E61-6355-42AE-B153-27113D4375B3}.Release|Any CPU.ActiveCfg = Release|Any CPU
		{C8B41E61-6355-42AE-B153-27113D4375B3}.Release|Any CPU.Build.0 = Release|Any CPU
		{C38BD67A-E1FA-4966-AC43-29A6E0E5994A}.Debug|Any CPU.ActiveCfg = Debug|Any CPU
		{C38BD67A-E1FA-4966-AC43-29A6E0E5994A}.Debug|Any CPU.Build.0 = Debug|Any CPU
		{C38BD67A-E1FA-4966-AC43-29A6E0E5994A}.Release|Any CPU.ActiveCfg = Release|Any CPU
		{C38BD67A-E1FA-4966-AC43-29A6E0E5994A}.Release|Any CPU.Build.0 = Release|Any CPU
		{0B13EA49-2609-459A-989B-2397EE85DC17}.Debug|Any CPU.ActiveCfg = Debug|Any CPU
		{0B13EA49-2609-459A-989B-2397EE85DC17}.Debug|Any CPU.Build.0 = Debug|Any CPU
		{0B13EA49-2609-459A-989B-2397EE85DC17}.Release|Any CPU.ActiveCfg = Release|Any CPU
		{0B13EA49-2609-459A-989B-2397EE85DC17}.Release|Any CPU.Build.0 = Release|Any CPU
	EndGlobalSection
	GlobalSection(SolutionProperties) = preSolution
		HideSolutionNode = FALSE
	EndGlobalSection
	GlobalSection(ExtensibilityGlobals) = postSolution
		SolutionGuid = {F81FEAE2-27F9-45DA-B41B-2B7081911964}
	EndGlobalSection
EndGlobal
